
Microsoft Visual Studio Solution File, Format Version 12.00
# Visual Studio Version 16
VisualStudioVersion = 16.0.32228.343
MinimumVisualStudioVersion = 10.0.40219.1
Project("{FAE04EC0-301F-11D3-BF4B-00C04F79EFBC}") = "Prework", "Prework\Prework.csproj", "{F365A0D5-13AF-4408-B373-C1143C1C649A}"
EndProject
Global
	GlobalSection(SolutionConfigurationPlatforms) = preSolution
		Debug|Any CPU = Debug|Any CPU
		Release|Any CPU = Release|Any CPU
	EndGlobalSection
	GlobalSection(ProjectConfigurationPlatforms) = postSolution
		{F365A0D5-13AF-4408-B373-C1143C1C649A}.Debug|Any CPU.ActiveCfg = Debug|Any CPU
		{F365A0D5-13AF-4408-B373-C1143C1C649A}.Debug|Any CPU.Build.0 = Debug|Any CPU
		{F365A0D5-13AF-4408-B373-C1143C1C649A}.Release|Any CPU.ActiveCfg = Release|Any CPU
		{F365A0D5-13AF-4408-B373-C1143C1C649A}.Release|Any CPU.Build.0 = Release|Any CPU
	EndGlobalSection
	GlobalSection(SolutionProperties) = preSolution
		HideSolutionNode = FALSE
	EndGlobalSection
	GlobalSection(ExtensibilityGlobals) = postSolution
		SolutionGuid = {1F36CF16-8374-434C-A54B-4B527CE10210}
	EndGlobalSection
EndGlobal
